
Microsoft Visual Studio Solution File, Format Version 12.00
# Visual Studio Version 16
VisualStudioVersion = 16.0.31410.357
MinimumVisualStudioVersion = 10.0.40219.1
Project("{FAE04EC0-301F-11D3-BF4B-00C04F79EFBC}") = "Ejercicio3Anagramas", "Ejercicio3Anagramas\Ejercicio3Anagramas.csproj", "{2C22AEED-F8DB-435E-9333-B9834BE1939A}"
EndProject
Global
	GlobalSection(SolutionConfigurationPlatforms) = preSolution
		Debug|Any CPU = Debug|Any CPU
		Release|Any CPU = Release|Any CPU
	EndGlobalSection
	GlobalSection(ProjectConfigurationPlatforms) = postSolution
		{2C22AEED-F8DB-435E-9333-B9834BE1939A}.Debug|Any CPU.ActiveCfg = Debug|Any CPU
		{2C22AEED-F8DB-435E-9333-B9834BE1939A}.Debug|Any CPU.Build.0 = Debug|Any CPU
		{2C22AEED-F8DB-435E-9333-B9834BE1939A}.Release|Any CPU.ActiveCfg = Release|Any CPU
		{2C22AEED-F8DB-435E-9333-B9834BE1939A}.Release|Any CPU.Build.0 = Release|Any CPU
	EndGlobalSection
	GlobalSection(SolutionProperties) = preSolution
		HideSolutionNode = FALSE
	EndGlobalSection
	GlobalSection(ExtensibilityGlobals) = postSolution
		SolutionGuid = {F3293339-5B5B-4AB1-9F41-14C06389620C}
	EndGlobalSection
EndGlobal
